
Microsoft Visual Studio Solution File, Format Version 11.00
# Visual C# Express 2010
Project("{FAE04EC0-301F-11D3-BF4B-00C04F79EFBC}") = "CSThreads", "CSThreads\CSThreads.csproj", "{DF8C6BDF-FE04-4249-8115-96B49AD08977}"
EndProject
Global
	GlobalSection(SolutionConfigurationPlatforms) = preSolution
		Debug|x86 = Debug|x86
		Release|x86 = Release|x86
	EndGlobalSection
	GlobalSection(ProjectConfigurationPlatforms) = postSolution
		{DF8C6BDF-FE04-4249-8115-96B49AD08977}.Debug|x86.ActiveCfg = Debug|x86
		{DF8C6BDF-FE04-4249-8115-96B49AD08977}.Debug|x86.Build.0 = Debug|x86
		{DF8C6BDF-FE04-4249-8115-96B49AD08977}.Release|x86.ActiveCfg = Release|x86
		{DF8C6BDF-FE04-4249-8115-96B49AD08977}.Release|x86.Build.0 = Release|x86
	EndGlobalSection
	GlobalSection(SolutionProperties) = preSolution
		HideSolutionNode = FALSE
	EndGlobalSection
EndGlobal
